
Microsoft Visual Studio Solution File, Format Version 12.00
# Visual Studio Version 16
VisualStudioVersion = 16.0.31702.278
MinimumVisualStudioVersion = 10.0.40219.1
Project("{FAE04EC0-301F-11D3-BF4B-00C04F79EFBC}") = "PrimerAplicacionWebForms", "PrimerAplicacionWebForms\PrimerAplicacionWebForms.csproj", "{9ECC9377-9F5D-46B8-B043-1026319A8352}"
EndProject
Global
	GlobalSection(SolutionConfigurationPlatforms) = preSolution
		Debug|Any CPU = Debug|Any CPU
		Release|Any CPU = Release|Any CPU
	EndGlobalSection
	GlobalSection(ProjectConfigurationPlatforms) = postSolution
		{9ECC9377-9F5D-46B8-B043-1026319A8352}.Debug|Any CPU.ActiveCfg = Debug|Any CPU
		{9ECC9377-9F5D-46B8-B043-1026319A8352}.Debug|Any CPU.Build.0 = Debug|Any CPU
		{9ECC9377-9F5D-46B8-B043-1026319A8352}.Release|Any CPU.ActiveCfg = Release|Any CPU
		{9ECC9377-9F5D-46B8-B043-1026319A8352}.Release|Any CPU.Build.0 = Release|Any CPU
	EndGlobalSection
	GlobalSection(SolutionProperties) = preSolution
		HideSolutionNode = FALSE
	EndGlobalSection
	GlobalSection(ExtensibilityGlobals) = postSolution
		SolutionGuid = {9CBB470B-8B9E-4355-ACE2-58F0129804E7}
	EndGlobalSection
EndGlobal
